{
    "_readme": [
        "This file locks the dependencies of your project to a known state",
        "Read more about it at https://getcomposer.org/doc/01-basic-usage.md#composer-lock-the-lock-file",
        "This file is @generated automatically"
    ],
    "content-hash": "90c9c7c7931efbf66721a0b3f50c48b4",
    "packages": [],
    "packages-dev": [
        {
            "name": "tm/tooly-composer-script",
            "version": "1.2.2",
            "source": {
                "type": "git",
                "url": "https://github.com/tommy-muehle/tooly-composer-script.git",
                "reference": "cecd4a394022836fa58aef0ba980dc426d9b6460"
            },
            "dist": {
                "type": "zip",
                "url": "https://api.github.com/repos/tommy-muehle/tooly-composer-script/zipball/cecd4a394022836fa58aef0ba980dc426d9b6460",
                "reference": "cecd4a394022836fa58aef0ba980dc426d9b6460",
                "shasum": ""
            },
            "require": {
                "php": ">=5.6.0"
            },
            "require-dev": {
                "codeclimate/php-test-reporter": "dev-master",
                "composer/composer": "1.*",
                "mikey179/vfsstream": "1.6.*",
                "php-mock/php-mock-phpunit": "1.1.*",
                "tm/gpg-verifier": "1.*"
            },
            "suggest": {
                "tm/gpg-verifier": "Allows verification over GPG for PHAR tools."
            },
            "type": "library",
            "extra": {
                "tools": {
                    "phpunit": {
                        "url": "https://phar.phpunit.de/phpunit-5.5.0.phar"
                    },
                    "phpcpd": {
                        "url": "https://phar.phpunit.de/phpcpd-2.0.4.phar"
                    },
                    "phpcs": {
                        "url": "https://squizlabs.github.io/PHP_CodeSniffer/phpcs.phar",
                        "force-replace": true
                    },
                    "phpmd": {
                        "url": "http://static.phpmd.org/php/latest/phpmd.phar",
                        "force-replace": true
                    },
                    "security-checker": {
                        "url": "http://get.sensiolabs.org/security-checker.phar",
                        "force-replace": true
                    }
                }
            },
            "autoload": {
                "psr-4": {
                    "Tooly\\": "src/"
                }
            },
            "notification-url": "https://packagist.org/downloads/",
            "license": [
                "MIT"
            ],
            "authors": [
                {
                    "name": "Tommy Muehle",
                    "email": "tommy.muehle@gmail.com",
                    "homepage": "https://tommy-muehle.de"
                }
            ],
            "description": "Simple composer script to manage phar files.",
            "homepage": "https://github.com/tommy-muehle/tooly-composer-script",
            "keywords": [
                "composer",
                "composer-phar",
                "composer-script",
                "gpg-verification",
                "phar",
                "phar-handling",
                "phar-management"
            ],
            "time": "2016-11-28T21:33:06+00:00"
        }
    ],
    "aliases": [],
    "minimum-stability": "dev",
    "stability-flags": [],
    "prefer-stable": true,
    "prefer-lowest": false,
    "platform": [],
    "platform-dev": []
}
