{
    "_readme": [
        "This file locks the dependencies of your project to a known state",
        "Read more about it at https://getcomposer.org/doc/01-basic-usage.md#installing-dependencies",
        "This file is @generated automatically"
    ],
    "content-hash": "aa07d66b763f71869fffd0e3e3a86d62",
    "packages": [],
    "packages-dev": [
        {
            "name": "tm/tooly-composer-script",
            "version": "1.2.6",
            "source": {
                "type": "git",
                "url": "https://github.com/tommy-muehle/tooly-composer-script.git",
                "reference": "53cc0551122145b4ae4c523e64f3628329ef8ea5"
            },
            "dist": {
                "type": "zip",
                "url": "https://api.github.com/repos/tommy-muehle/tooly-composer-script/zipball/53cc0551122145b4ae4c523e64f3628329ef8ea5",
                "reference": "53cc0551122145b4ae4c523e64f3628329ef8ea5",
                "shasum": ""
            },
            "require": {
                "php": ">=5.6.0"
            },
            "require-dev": {
                "codeclimate/php-test-reporter": "dev-master",
                "composer/composer": "1.*",
                "mikey179/vfsstream": "1.6.*",
                "php-mock/php-mock-phpunit": "1.1.*",
                "symfony/console": "^3.0",
                "tm/gpg-verifier": "1.*"
            },
            "suggest": {
                "tm/gpg-verifier": "Allows verification over GPG for PHAR tools."
            },
            "type": "library",
            "extra": {
                "tools": {
                    "phpunit": {
                        "url": "https://phar.phpunit.de/phpunit-5.5.0.phar"
                    },
                    "phpcpd": {
                        "url": "https://phar.phpunit.de/phpcpd-2.0.4.phar"
                    },
                    "phpcs": {
                        "url": "https://squizlabs.github.io/PHP_CodeSniffer/phpcs.phar",
                        "force-replace": true
                    },
                    "phpmd": {
                        "url": "http://static.phpmd.org/php/latest/phpmd.phar",
                        "force-replace": true
                    },
                    "security-checker": {
                        "url": "http://get.sensiolabs.org/security-checker.phar",
                        "force-replace": true
                    }
                }
            },
            "autoload": {
                "psr-4": {
                    "Tooly\\": "src/"
                }
            },
            "notification-url": "https://packagist.org/downloads/",
            "license": [
                "MIT"
            ],
            "authors": [
                {
                    "name": "Tommy Muehle",
                    "email": "tommy.muehle@gmail.com",
                    "homepage": "https://tommy-muehle.de"
                }
            ],
            "description": "Simple composer script to manage phar files.",
            "homepage": "https://github.com/tommy-muehle/tooly-composer-script",
            "keywords": [
                "composer",
                "composer-phar",
                "composer-script",
                "gpg-verification",
                "phar",
                "phar-handling",
                "phar-management"
            ],
            "time": "2018-03-20T21:26:34+00:00"
        }
    ],
    "aliases": [],
    "minimum-stability": "dev",
    "stability-flags": [],
    "prefer-stable": true,
    "prefer-lowest": false,
    "platform": {
        "php": ">=7.1"
    },
    "platform-dev": []
}
